
Microsoft Visual Studio Solution File, Format Version 12.00
# Visual Studio Version 17
VisualStudioVersion = 17.11.35208.52
MinimumVisualStudioVersion = 10.0.40219.1
Project("{8BC9CEB8-8B4A-11D0-8D11-00A0C91BC942}") = "littleGreenKeyboardGremlin", "littleGreenKeyboardGremlin.vcxproj", "{7BD63827-85F3-4EE7-9E72-2CA9571E80A7}"
EndProject
Global
	GlobalSection(SolutionConfigurationPlatforms) = preSolution
		Debug|x64 = Debug|x64
		Debug|x86 = Debug|x86
		Release|x64 = Release|x64
		Release|x86 = Release|x86
	EndGlobalSection
	GlobalSection(ProjectConfigurationPlatforms) = postSolution
		{7BD63827-85F3-4EE7-9E72-2CA9571E80A7}.Debug|x64.ActiveCfg = Debug|x64
		{7BD63827-85F3-4EE7-9E72-2CA9571E80A7}.Debug|x64.Build.0 = Debug|x64
		{7BD63827-85F3-4EE7-9E72-2CA9571E80A7}.Debug|x86.ActiveCfg = Debug|Win32
		{7BD63827-85F3-4EE7-9E72-2CA9571E80A7}.Debug|x86.Build.0 = Debug|Win32
		{7BD63827-85F3-4EE7-9E72-2CA9571E80A7}.Release|x64.ActiveCfg = Release|x64
		{7BD63827-85F3-4EE7-9E72-2CA9571E80A7}.Release|x64.Build.0 = Release|x64
		{7BD63827-85F3-4EE7-9E72-2CA9571E80A7}.Release|x86.ActiveCfg = Release|Win32
		{7BD63827-85F3-4EE7-9E72-2CA9571E80A7}.Release|x86.Build.0 = Release|Win32
	EndGlobalSection
	GlobalSection(SolutionProperties) = preSolution
		HideSolutionNode = FALSE
	EndGlobalSection
	GlobalSection(ExtensibilityGlobals) = postSolution
		SolutionGuid = {F4FB3E09-E803-4DC1-AC04-B02B88A96B5B}
	EndGlobalSection
EndGlobal
